
Microsoft Visual Studio Solution File, Format Version 12.00
# Visual Studio 2013
VisualStudioVersion = 12.0.40629.0
MinimumVisualStudioVersion = 10.0.40219.1
Project("{2150E333-8FDC-42A3-9474-1A3956D46DE8}") = "Solution Items", "Solution Items", "{C37DFBB5-B039-4DBB-B138-0A161480C9ED}"
	ProjectSection(SolutionItems) = preProject
		.gitattributes = .gitattributes
		.gitignore = .gitignore
		README.md = README.md
		WE-Markdown.css = WE-Markdown.css
	EndProjectSection
EndProject
Project("{FAE04EC0-301F-11D3-BF4B-00C04F79EFBC}") = "Web", "Web\Web.csproj", "{DB32B044-BF89-4CFE-974E-17578D3C1898}"
EndProject
Project("{2150E333-8FDC-42A3-9474-1A3956D46DE8}") = "Database", "Database", "{9851C1BA-13C8-4D3B-B2CB-ECDE9214B977}"
	ProjectSection(SolutionItems) = preProject
		Database\00 Backup Data.sql = Database\00 Backup Data.sql
		Database\01 Drop Model.sql = Database\01 Drop Model.sql
		Database\02 Create Model.sql = Database\02 Create Model.sql
		Database\03 Types.sql = Database\03 Types.sql
		Database\04 Functions.sql = Database\04 Functions.sql
		Database\05 Procedures.sql = Database\05 Procedures.sql
		Database\06 Static Data.sql = Database\06 Static Data.sql
		Database\07 Test Data.sql = Database\07 Test Data.sql
		Database\08 Restore Data.sql = Database\08 Restore Data.sql
		Database\Local DB - Recreate.cmd = Database\Local DB - Recreate.cmd
		Database\Local DB - Restore.cmd = Database\Local DB - Restore.cmd
		Database\Local DB - Upgrade.cmd = Database\Local DB - Upgrade.cmd
		Database\Prod DB - Recreate.cmd = Database\Prod DB - Recreate.cmd
		Database\Prod DB - Upgrade.cmd = Database\Prod DB - Upgrade.cmd
	EndProjectSection
EndProject
Project("{FAE04EC0-301F-11D3-BF4B-00C04F79EFBC}") = "Model", "Model\Model.csproj", "{DD8F9662-DF9C-4A0E-85EA-0F00F162D739}"
EndProject
Project("{FAE04EC0-301F-11D3-BF4B-00C04F79EFBC}") = "Data", "Data\Data.csproj", "{7C4E155D-E272-4C28-A6B1-FD6F8CFA07E7}"
EndProject
Project("{FAE04EC0-301F-11D3-BF4B-00C04F79EFBC}") = "Worker", "Worker\Worker.csproj", "{2EA8BE93-8429-4BB3-BFF3-64D190E1688C}"
EndProject
Global
	GlobalSection(SolutionConfigurationPlatforms) = preSolution
		Debug|Any CPU = Debug|Any CPU
		Release|Any CPU = Release|Any CPU
	EndGlobalSection
	GlobalSection(ProjectConfigurationPlatforms) = postSolution
		{DB32B044-BF89-4CFE-974E-17578D3C1898}.Debug|Any CPU.ActiveCfg = Debug|Any CPU
		{DB32B044-BF89-4CFE-974E-17578D3C1898}.Debug|Any CPU.Build.0 = Debug|Any CPU
		{DB32B044-BF89-4CFE-974E-17578D3C1898}.Release|Any CPU.ActiveCfg = Release|Any CPU
		{DB32B044-BF89-4CFE-974E-17578D3C1898}.Release|Any CPU.Build.0 = Release|Any CPU
		{DD8F9662-DF9C-4A0E-85EA-0F00F162D739}.Debug|Any CPU.ActiveCfg = Debug|Any CPU
		{DD8F9662-DF9C-4A0E-85EA-0F00F162D739}.Debug|Any CPU.Build.0 = Debug|Any CPU
		{DD8F9662-DF9C-4A0E-85EA-0F00F162D739}.Release|Any CPU.ActiveCfg = Release|Any CPU
		{DD8F9662-DF9C-4A0E-85EA-0F00F162D739}.Release|Any CPU.Build.0 = Release|Any CPU
		{7C4E155D-E272-4C28-A6B1-FD6F8CFA07E7}.Debug|Any CPU.ActiveCfg = Debug|Any CPU
		{7C4E155D-E272-4C28-A6B1-FD6F8CFA07E7}.Debug|Any CPU.Build.0 = Debug|Any CPU
		{7C4E155D-E272-4C28-A6B1-FD6F8CFA07E7}.Release|Any CPU.ActiveCfg = Release|Any CPU
		{7C4E155D-E272-4C28-A6B1-FD6F8CFA07E7}.Release|Any CPU.Build.0 = Release|Any CPU
		{2EA8BE93-8429-4BB3-BFF3-64D190E1688C}.Debug|Any CPU.ActiveCfg = Debug|Any CPU
		{2EA8BE93-8429-4BB3-BFF3-64D190E1688C}.Debug|Any CPU.Build.0 = Debug|Any CPU
		{2EA8BE93-8429-4BB3-BFF3-64D190E1688C}.Release|Any CPU.ActiveCfg = Release|Any CPU
		{2EA8BE93-8429-4BB3-BFF3-64D190E1688C}.Release|Any CPU.Build.0 = Release|Any CPU
	EndGlobalSection
	GlobalSection(SolutionProperties) = preSolution
		HideSolutionNode = FALSE
	EndGlobalSection
EndGlobal
